# This file is autogenerated, do not edit; changes may be undone by the next 'dep ensure'.


[[projects]]
  branch = "master"
  name = "github.com/jboursiquot/things"
  packages = ["."]
  revision = "bd6a6cdedcaa7f8bff11614b8422001a8d31dfa0"

[solve-meta]
  analyzer-name = "dep"
  analyzer-version = 1
  inputs-digest = "3e6a643fff15252f9c59389447c0386d5586ca7e64c317540d51213aa9c5aeb2"
  solver-name = "gps-cdcl"
  solver-version = 1
